
Microsoft Visual Studio Solution File, Format Version 11.00
# Visual Studio 2010
Project("{FAE04EC0-301F-11D3-BF4B-00C04F79EFBC}") = "ShopAssembly", "ShopAssembly.csproj", "{a8e19c73-11e8-c158-c0bf-45e5e17a434c}"
EndProject
Project("{FAE04EC0-301F-11D3-BF4B-00C04F79EFBC}") = "GoldAssembly", "GoldAssembly.csproj", "{aeb54cc3-88f8-4330-68ed-e7b1904fad67}"
EndProject
Project("{FAE04EC0-301F-11D3-BF4B-00C04F79EFBC}") = "CoreAssembly", "CoreAssembly.csproj", "{b34c6cd2-281a-2bed-9754-f5189860f89d}"
EndProject
Project("{FAE04EC0-301F-11D3-BF4B-00C04F79EFBC}") = "Assembly-CSharp", "Assembly-CSharp.csproj", "{bc6b0490-48e6-2297-0eca-bb11123074cf}"
EndProject
Project("{FAE04EC0-301F-11D3-BF4B-00C04F79EFBC}") = "LocationAssembly", "LocationAssembly.csproj", "{8780a66f-6f58-6e28-e446-b69d52b8822b}"
EndProject
Project("{FAE04EC0-301F-11D3-BF4B-00C04F79EFBC}") = "HealthAssembly", "HealthAssembly.csproj", "{2d26aeb1-c720-b61a-de1b-90859ddbffbe}"
EndProject
Global
	GlobalSection(SolutionConfigurationPlatforms) = preSolution
		Debug|Any CPU = Debug|Any CPU
	EndGlobalSection
	GlobalSection(ProjectConfigurationPlatforms) = postSolution
		{a8e19c73-11e8-c158-c0bf-45e5e17a434c}.Debug|Any CPU.ActiveCfg = Debug|Any CPU
		{a8e19c73-11e8-c158-c0bf-45e5e17a434c}.Debug|Any CPU.Build.0 = Debug|Any CPU
		{aeb54cc3-88f8-4330-68ed-e7b1904fad67}.Debug|Any CPU.ActiveCfg = Debug|Any CPU
		{aeb54cc3-88f8-4330-68ed-e7b1904fad67}.Debug|Any CPU.Build.0 = Debug|Any CPU
		{b34c6cd2-281a-2bed-9754-f5189860f89d}.Debug|Any CPU.ActiveCfg = Debug|Any CPU
		{b34c6cd2-281a-2bed-9754-f5189860f89d}.Debug|Any CPU.Build.0 = Debug|Any CPU
		{bc6b0490-48e6-2297-0eca-bb11123074cf}.Debug|Any CPU.ActiveCfg = Debug|Any CPU
		{bc6b0490-48e6-2297-0eca-bb11123074cf}.Debug|Any CPU.Build.0 = Debug|Any CPU
		{8780a66f-6f58-6e28-e446-b69d52b8822b}.Debug|Any CPU.ActiveCfg = Debug|Any CPU
		{8780a66f-6f58-6e28-e446-b69d52b8822b}.Debug|Any CPU.Build.0 = Debug|Any CPU
		{2d26aeb1-c720-b61a-de1b-90859ddbffbe}.Debug|Any CPU.ActiveCfg = Debug|Any CPU
		{2d26aeb1-c720-b61a-de1b-90859ddbffbe}.Debug|Any CPU.Build.0 = Debug|Any CPU
	EndGlobalSection
	GlobalSection(SolutionProperties) = preSolution
		HideSolutionNode = FALSE
	EndGlobalSection
EndGlobal
